
Microsoft Visual Studio Solution File, Format Version 12.00
# Visual Studio Version 17
VisualStudioVersion = 17.7.34202.233
MinimumVisualStudioVersion = 10.0.40219.1
Project("{9A19103F-16F7-4668-BE54-9A1E7A4F7556}") = "MundoConstructivo.Api", "MundoConstructivo.Api\MundoConstructivo.Api.csproj", "{A742AFCE-BD6D-44B5-9B97-831D64D5831E}"
	ProjectSection(ProjectDependencies) = postProject
		{1BAF7931-3F8B-4AE4-B725-B3690A338020} = {1BAF7931-3F8B-4AE4-B725-B3690A338020}
		{D28FC4F1-2CA1-4BB1-A6FA-25FFE2F30C41} = {D28FC4F1-2CA1-4BB1-A6FA-25FFE2F30C41}
	EndProjectSection
EndProject
Project("{9A19103F-16F7-4668-BE54-9A1E7A4F7556}") = "MundoConstructivo.Infrastructure", "MundoConstructivo.Infrastructure\MundoConstructivo.Infrastructure.csproj", "{D28FC4F1-2CA1-4BB1-A6FA-25FFE2F30C41}"
EndProject
Project("{9A19103F-16F7-4668-BE54-9A1E7A4F7556}") = "MundoConstructivo.Core", "MundoConstructivo.Core\MundoConstructivo.Core.csproj", "{1BAF7931-3F8B-4AE4-B725-B3690A338020}"
EndProject
Global
	GlobalSection(SolutionConfigurationPlatforms) = preSolution
		Debug|Any CPU = Debug|Any CPU
		Release|Any CPU = Release|Any CPU
	EndGlobalSection
	GlobalSection(ProjectConfigurationPlatforms) = postSolution
		{A742AFCE-BD6D-44B5-9B97-831D64D5831E}.Debug|Any CPU.ActiveCfg = Debug|Any CPU
		{A742AFCE-BD6D-44B5-9B97-831D64D5831E}.Debug|Any CPU.Build.0 = Debug|Any CPU
		{A742AFCE-BD6D-44B5-9B97-831D64D5831E}.Release|Any CPU.ActiveCfg = Release|Any CPU
		{A742AFCE-BD6D-44B5-9B97-831D64D5831E}.Release|Any CPU.Build.0 = Release|Any CPU
		{D28FC4F1-2CA1-4BB1-A6FA-25FFE2F30C41}.Debug|Any CPU.ActiveCfg = Debug|Any CPU
		{D28FC4F1-2CA1-4BB1-A6FA-25FFE2F30C41}.Debug|Any CPU.Build.0 = Debug|Any CPU
		{D28FC4F1-2CA1-4BB1-A6FA-25FFE2F30C41}.Release|Any CPU.ActiveCfg = Release|Any CPU
		{D28FC4F1-2CA1-4BB1-A6FA-25FFE2F30C41}.Release|Any CPU.Build.0 = Release|Any CPU
		{1BAF7931-3F8B-4AE4-B725-B3690A338020}.Debug|Any CPU.ActiveCfg = Debug|Any CPU
		{1BAF7931-3F8B-4AE4-B725-B3690A338020}.Debug|Any CPU.Build.0 = Debug|Any CPU
		{1BAF7931-3F8B-4AE4-B725-B3690A338020}.Release|Any CPU.ActiveCfg = Release|Any CPU
		{1BAF7931-3F8B-4AE4-B725-B3690A338020}.Release|Any CPU.Build.0 = Release|Any CPU
	EndGlobalSection
	GlobalSection(SolutionProperties) = preSolution
		HideSolutionNode = FALSE
	EndGlobalSection
	GlobalSection(ExtensibilityGlobals) = postSolution
		SolutionGuid = {73F79F0F-C082-41EC-A4DD-B62CF61F9FEE}
	EndGlobalSection
EndGlobal
